
Microsoft Visual Studio Solution File, Format Version 12.00
Project("{FAE04EC0-301F-11D3-BF4B-00C04F79EFBC}") = "SDM.CompulsoryTestCases.Tests", "SDM.CompulsoryTestCases.Tests\SDM.CompulsoryTestCases.Tests.csproj", "{AA4D1E53-9A58-4DE3-911F-AF7B2FA5E912}"
EndProject
Project("{FAE04EC0-301F-11D3-BF4B-00C04F79EFBC}") = "SDM.CompulsoryTestCases.Service", "SDM.CompulsoryTestCases.Service\SDM.CompulsoryTestCases.Service.csproj", "{559CAF50-F368-4225-9E82-B7B178CFFED9}"
EndProject
Global
	GlobalSection(SolutionConfigurationPlatforms) = preSolution
		Debug|Any CPU = Debug|Any CPU
		Release|Any CPU = Release|Any CPU
	EndGlobalSection
	GlobalSection(ProjectConfigurationPlatforms) = postSolution
		{AA4D1E53-9A58-4DE3-911F-AF7B2FA5E912}.Debug|Any CPU.ActiveCfg = Debug|Any CPU
		{AA4D1E53-9A58-4DE3-911F-AF7B2FA5E912}.Debug|Any CPU.Build.0 = Debug|Any CPU
		{AA4D1E53-9A58-4DE3-911F-AF7B2FA5E912}.Release|Any CPU.ActiveCfg = Release|Any CPU
		{AA4D1E53-9A58-4DE3-911F-AF7B2FA5E912}.Release|Any CPU.Build.0 = Release|Any CPU
		{559CAF50-F368-4225-9E82-B7B178CFFED9}.Debug|Any CPU.ActiveCfg = Debug|Any CPU
		{559CAF50-F368-4225-9E82-B7B178CFFED9}.Debug|Any CPU.Build.0 = Debug|Any CPU
		{559CAF50-F368-4225-9E82-B7B178CFFED9}.Release|Any CPU.ActiveCfg = Release|Any CPU
		{559CAF50-F368-4225-9E82-B7B178CFFED9}.Release|Any CPU.Build.0 = Release|Any CPU
	EndGlobalSection
EndGlobal
